
Microsoft Visual Studio Solution File, Format Version 12.00
# Visual Studio Version 17
VisualStudioVersion = 17.3.32825.248
MinimumVisualStudioVersion = 10.0.40219.1
Project("{FAE04EC0-301F-11D3-BF4B-00C04F79EFBC}") = "DatabaseCon", "DatabaseCon\DatabaseCon.csproj", "{4BE4D800-41F6-42CF-A1BA-A2F088C2FD6C}"
EndProject
Global
	GlobalSection(SolutionConfigurationPlatforms) = preSolution
		Debug|Any CPU = Debug|Any CPU
		Release|Any CPU = Release|Any CPU
	EndGlobalSection
	GlobalSection(ProjectConfigurationPlatforms) = postSolution
		{4BE4D800-41F6-42CF-A1BA-A2F088C2FD6C}.Debug|Any CPU.ActiveCfg = Debug|Any CPU
		{4BE4D800-41F6-42CF-A1BA-A2F088C2FD6C}.Debug|Any CPU.Build.0 = Debug|Any CPU
		{4BE4D800-41F6-42CF-A1BA-A2F088C2FD6C}.Release|Any CPU.ActiveCfg = Release|Any CPU
		{4BE4D800-41F6-42CF-A1BA-A2F088C2FD6C}.Release|Any CPU.Build.0 = Release|Any CPU
	EndGlobalSection
	GlobalSection(SolutionProperties) = preSolution
		HideSolutionNode = FALSE
	EndGlobalSection
	GlobalSection(ExtensibilityGlobals) = postSolution
		SolutionGuid = {440403EC-0AAE-4759-AA9D-AEA764DC1B7E}
	EndGlobalSection
EndGlobal
